// !$*UTF8*$!
{
	archiveVersion = 1;
	classes = {
	};
	objectVersion = 77;
	objects = {

/* Begin PBXBuildFile section */
		A35FF2A32EA7D55F0000E890 /* DocumentsModel.xcdatamodeld in Sources */ = {isa = PBXBuildFile; fileRef = A35FF2A12EA7D55F0000E890 /* DocumentsModel.xcdatamodeld */; };
		A35FF2A62EA7D7790000E890 /* CoreDataStack.swift in Sources */ = {isa = PBXBuildFile; fileRef = A35FF2A52EA7D7790000E890 /* CoreDataStack.swift */; };
		A35FF2A92EA7DCC20000E890 /* DocumentEntity.swift in Sources */ = {isa = PBXBuildFile; fileRef = A35FF2A82EA7DCC20000E890 /* DocumentEntity.swift */; };
		A35FF2AB2EA7DCDD0000E890 /* DocumentEntity+CoreDataProperties.swift in Sources */ = {isa = PBXBuildFile; fileRef = A35FF2AA2EA7DCD70000E890 /* DocumentEntity+CoreDataProperties.swift */; };
		A35FF2AE2EA7DD3A0000E890 /* Document.swift in Sources */ = {isa = PBXBuildFile; fileRef = A35FF2AD2EA7DD3A0000E890 /* Document.swift */; };
		A35FF2B22EA7E1050000E890 /* FileStoreProtocol.swift in Sources */ = {isa = PBXBuildFile; fileRef = A35FF2B12EA7E0FA0000E890 /* FileStoreProtocol.swift */; };
		A35FF2B52EA7E2080000E890 /* PDFServiceProtocol.swift in Sources */ = {isa = PBXBuildFile; fileRef = A35FF2B42EA7E2000000E890 /* PDFServiceProtocol.swift */; };
		A35FF2B72EA7E32A0000E890 /* FileStore.swift in Sources */ = {isa = PBXBuildFile; fileRef = A35FF2B62EA7E32A0000E890 /* FileStore.swift */; };
		A35FF2BA2EA7E5090000E890 /* PDFService.swift in Sources */ = {isa = PBXBuildFile; fileRef = A35FF2B92EA7E5090000E890 /* PDFService.swift */; };
		A35FF2BC2EA7F3AF0000E890 /* DocumentRepositoryProtocol.swift in Sources */ = {isa = PBXBuildFile; fileRef = A35FF2BB2EA7F39F0000E890 /* DocumentRepositoryProtocol.swift */; };
		A35FF2BF2EA7F56E0000E890 /* DocumentRepositoryImpl.swift in Sources */ = {isa = PBXBuildFile; fileRef = A35FF2BE2EA7F5600000E890 /* DocumentRepositoryImpl.swift */; };
		A35FF2C22EA8EEC70000E890 /* CompositionRoot.swift in Sources */ = {isa = PBXBuildFile; fileRef = A35FF2C12EA8EEC00000E890 /* CompositionRoot.swift */; };
		A35FF2C52EA8F3D90000E890 /* DocumentRepositoryKey.swift in Sources */ = {isa = PBXBuildFile; fileRef = A35FF2C42EA8F3BF0000E890 /* DocumentRepositoryKey.swift */; };
		A35FF2C72EA8F5B00000E890 /* LibraryView.swift in Sources */ = {isa = PBXBuildFile; fileRef = A35FF2C62EA8F5AB0000E890 /* LibraryView.swift */; };
		A35FF2C92EA8F5C70000E890 /* LibraryViewModel.swift in Sources */ = {isa = PBXBuildFile; fileRef = A35FF2C82EA8F5C70000E890 /* LibraryViewModel.swift */; };
		A35FF2CB2EA906AE0000E890 /* EditorView.swift in Sources */ = {isa = PBXBuildFile; fileRef = A35FF2CA2EA906AE0000E890 /* EditorView.swift */; };
		A35FF2CD2EA906CB0000E890 /* ReaderView.swift in Sources */ = {isa = PBXBuildFile; fileRef = A35FF2CC2EA906CB0000E890 /* ReaderView.swift */; };
		A35FF2CF2EA906E40000E890 /* EditorViewModel.swift in Sources */ = {isa = PBXBuildFile; fileRef = A35FF2CE2EA906DE0000E890 /* EditorViewModel.swift */; };
		A35FF2D12EA90C4B0000E890 /* ReaderViewModel.swift in Sources */ = {isa = PBXBuildFile; fileRef = A35FF2D02EA90C400000E890 /* ReaderViewModel.swift */; };
		A35FF2D32EA90FE60000E890 /* PDFServiceKey.swift in Sources */ = {isa = PBXBuildFile; fileRef = A35FF2D22EA90FDE0000E890 /* PDFServiceKey.swift */; };
		A35FF2D52EA91C980000E890 /* PhotoPicker.swift in Sources */ = {isa = PBXBuildFile; fileRef = A35FF2D42EA91C920000E890 /* PhotoPicker.swift */; };
		A35FF2D72EA91F630000E890 /* FilePicker.swift in Sources */ = {isa = PBXBuildFile; fileRef = A35FF2D62EA91F5F0000E890 /* FilePicker.swift */; };
		A35FF2D92EA921AA0000E890 /* ReaderContainer.swift in Sources */ = {isa = PBXBuildFile; fileRef = A35FF2D82EA9219F0000E890 /* ReaderContainer.swift */; };
		A35FF2DB2EA9261A0000E890 /* PDFKitView.swift in Sources */ = {isa = PBXBuildFile; fileRef = A35FF2DA2EA926160000E890 /* PDFKitView.swift */; };
		A35FF2DE2EA9290C0000E890 /* ShareSheet.swift in Sources */ = {isa = PBXBuildFile; fileRef = A35FF2DD2EA929060000E890 /* ShareSheet.swift */; };
		A35FF2E02EAA292F0000E890 /* BusyOverlay.swift in Sources */ = {isa = PBXBuildFile; fileRef = A35FF2DF2EAA29290000E890 /* BusyOverlay.swift */; };
		A35FF2E32EAA756B0000E890 /* FileImageLoader.swift in Sources */ = {isa = PBXBuildFile; fileRef = A35FF2E22EAA756B0000E890 /* FileImageLoader.swift */; };
		A39406B02EA7894300ED4787 /* Assets.xcassets in Resources */ = {isa = PBXBuildFile; fileRef = A39406AB2EA7894300ED4787 /* Assets.xcassets */; };
		A39406B22EA7894300ED4787 /* AezakmiTestApp.swift in Sources */ = {isa = PBXBuildFile; fileRef = A39406AA2EA7894300ED4787 /* AezakmiTestApp.swift */; };
		A39406BB2EA789CD00ED4787 /* RootView.swift in Sources */ = {isa = PBXBuildFile; fileRef = A39406B82EA789CD00ED4787 /* RootView.swift */; };
		A39406C42EA78C3F00ED4787 /* Welcome.swift in Sources */ = {isa = PBXBuildFile; fileRef = A39406C22EA78C3F00ED4787 /* Welcome.swift */; };
/* End PBXBuildFile section */

/* Begin PBXFileReference section */
		A35FF2A22EA7D55F0000E890 /* DocumentsModel.xcdatamodel */ = {isa = PBXFileReference; lastKnownFileType = wrapper.xcdatamodel; path = DocumentsModel.xcdatamodel; sourceTree = "<group>"; };
		A35FF2A52EA7D7790000E890 /* CoreDataStack.swift */ = {isa = PBXFileReference; lastKnownFileType = sourcecode.swift; path = CoreDataStack.swift; sourceTree = "<group>"; };
		A35FF2A82EA7DCC20000E890 /* DocumentEntity.swift */ = {isa = PBXFileReference; lastKnownFileType = sourcecode.swift; path = DocumentEntity.swift; sourceTree = "<group>"; };
		A35FF2AA2EA7DCD70000E890 /* DocumentEntity+CoreDataProperties.swift */ = {isa = PBXFileReference; lastKnownFileType = sourcecode.swift; path = "DocumentEntity+CoreDataProperties.swift"; sourceTree = "<group>"; };
		A35FF2AD2EA7DD3A0000E890 /* Document.swift */ = {isa = PBXFileReference; lastKnownFileType = sourcecode.swift; path = Document.swift; sourceTree = "<group>"; };
		A35FF2B12EA7E0FA0000E890 /* FileStoreProtocol.swift */ = {isa = PBXFileReference; lastKnownFileType = sourcecode.swift; path = FileStoreProtocol.swift; sourceTree = "<group>"; };
		A35FF2B42EA7E2000000E890 /* PDFServiceProtocol.swift */ = {isa = PBXFileReference; lastKnownFileType = sourcecode.swift; path = PDFServiceProtocol.swift; sourceTree = "<group>"; };
		A35FF2B62EA7E32A0000E890 /* FileStore.swift */ = {isa = PBXFileReference; lastKnownFileType = sourcecode.swift; path = FileStore.swift; sourceTree = "<group>"; };
		A35FF2B92EA7E5090000E890 /* PDFService.swift */ = {isa = PBXFileReference; lastKnownFileType = sourcecode.swift; path = PDFService.swift; sourceTree = "<group>"; };
		A35FF2BB2EA7F39F0000E890 /* DocumentRepositoryProtocol.swift */ = {isa = PBXFileReference; lastKnownFileType = sourcecode.swift; path = DocumentRepositoryProtocol.swift; sourceTree = "<group>"; };
		A35FF2BE2EA7F5600000E890 /* DocumentRepositoryImpl.swift */ = {isa = PBXFileReference; lastKnownFileType = sourcecode.swift; path = DocumentRepositoryImpl.swift; sourceTree = "<group>"; };
		A35FF2C12EA8EEC00000E890 /* CompositionRoot.swift */ = {isa = PBXFileReference; lastKnownFileType = sourcecode.swift; path = CompositionRoot.swift; sourceTree = "<group>"; };
		A35FF2C42EA8F3BF0000E890 /* DocumentRepositoryKey.swift */ = {isa = PBXFileReference; lastKnownFileType = sourcecode.swift; path = DocumentRepositoryKey.swift; sourceTree = "<group>"; };
		A35FF2C62EA8F5AB0000E890 /* LibraryView.swift */ = {isa = PBXFileReference; lastKnownFileType = sourcecode.swift; path = LibraryView.swift; sourceTree = "<group>"; };
		A35FF2C82EA8F5C70000E890 /* LibraryViewModel.swift */ = {isa = PBXFileReference; lastKnownFileType = sourcecode.swift; path = LibraryViewModel.swift; sourceTree = "<group>"; };
		A35FF2CA2EA906AE0000E890 /* EditorView.swift */ = {isa = PBXFileReference; lastKnownFileType = sourcecode.swift; path = EditorView.swift; sourceTree = "<group>"; };
		A35FF2CC2EA906CB0000E890 /* ReaderView.swift */ = {isa = PBXFileReference; lastKnownFileType = sourcecode.swift; path = ReaderView.swift; sourceTree = "<group>"; };
		A35FF2CE2EA906DE0000E890 /* EditorViewModel.swift */ = {isa = PBXFileReference; lastKnownFileType = sourcecode.swift; path = EditorViewModel.swift; sourceTree = "<group>"; };
		A35FF2D02EA90C400000E890 /* ReaderViewModel.swift */ = {isa = PBXFileReference; lastKnownFileType = sourcecode.swift; path = ReaderViewModel.swift; sourceTree = "<group>"; };
		A35FF2D22EA90FDE0000E890 /* PDFServiceKey.swift */ = {isa = PBXFileReference; lastKnownFileType = sourcecode.swift; path = PDFServiceKey.swift; sourceTree = "<group>"; };
		A35FF2D42EA91C920000E890 /* PhotoPicker.swift */ = {isa = PBXFileReference; lastKnownFileType = sourcecode.swift; path = PhotoPicker.swift; sourceTree = "<group>"; };
		A35FF2D62EA91F5F0000E890 /* FilePicker.swift */ = {isa = PBXFileReference; lastKnownFileType = sourcecode.swift; path = FilePicker.swift; sourceTree = "<group>"; };
		A35FF2D82EA9219F0000E890 /* ReaderContainer.swift */ = {isa = PBXFileReference; lastKnownFileType = sourcecode.swift; path = ReaderContainer.swift; sourceTree = "<group>"; };
		A35FF2DA2EA926160000E890 /* PDFKitView.swift */ = {isa = PBXFileReference; lastKnownFileType = sourcecode.swift; path = PDFKitView.swift; sourceTree = "<group>"; };
		A35FF2DD2EA929060000E890 /* ShareSheet.swift */ = {isa = PBXFileReference; lastKnownFileType = sourcecode.swift; path = ShareSheet.swift; sourceTree = "<group>"; };
		A35FF2DF2EAA29290000E890 /* BusyOverlay.swift */ = {isa = PBXFileReference; lastKnownFileType = sourcecode.swift; path = BusyOverlay.swift; sourceTree = "<group>"; };
		A35FF2E22EAA756B0000E890 /* FileImageLoader.swift */ = {isa = PBXFileReference; lastKnownFileType = sourcecode.swift; path = FileImageLoader.swift; sourceTree = "<group>"; };
		A39406922EA788FD00ED4787 /* AezakmiTest.app */ = {isa = PBXFileReference; explicitFileType = wrapper.application; includeInIndex = 0; path = AezakmiTest.app; sourceTree = BUILT_PRODUCTS_DIR; };
		A39406AA2EA7894300ED4787 /* AezakmiTestApp.swift */ = {isa = PBXFileReference; lastKnownFileType = sourcecode.swift; path = AezakmiTestApp.swift; sourceTree = "<group>"; };
		A39406AB2EA7894300ED4787 /* Assets.xcassets */ = {isa = PBXFileReference; lastKnownFileType = folder.assetcatalog; path = Assets.xcassets; sourceTree = "<group>"; };
		A39406B82EA789CD00ED4787 /* RootView.swift */ = {isa = PBXFileReference; lastKnownFileType = sourcecode.swift; path = RootView.swift; sourceTree = "<group>"; };
		A39406C22EA78C3F00ED4787 /* Welcome.swift */ = {isa = PBXFileReference; lastKnownFileType = sourcecode.swift; path = Welcome.swift; sourceTree = "<group>"; };
/* End PBXFileReference section */

/* Begin PBXFrameworksBuildPhase section */
		A394068F2EA788FD00ED4787 /* Frameworks */ = {
			isa = PBXFrameworksBuildPhase;
			buildActionMask = 2147483647;
			files = (
			);
			runOnlyForDeploymentPostprocessing = 0;
		};
/* End PBXFrameworksBuildPhase section */

/* Begin PBXGroup section */
		A35FF2A42EA7D7650000E890 /* Core */ = {
			isa = PBXGroup;
			children = (
				A35FF2A72EA7DCA60000E890 /* Persistence */,
			);
			path = Core;
			sourceTree = "<group>";
		};
		A35FF2A72EA7DCA60000E890 /* Persistence */ = {
			isa = PBXGroup;
			children = (
				A35FF2A52EA7D7790000E890 /* CoreDataStack.swift */,
				A35FF2A82EA7DCC20000E890 /* DocumentEntity.swift */,
				A35FF2AA2EA7DCD70000E890 /* DocumentEntity+CoreDataProperties.swift */,
			);
			path = Persistence;
			sourceTree = "<group>";
		};
		A35FF2AC2EA7DD2B0000E890 /* Domain */ = {
			isa = PBXGroup;
			children = (
				A35FF2AD2EA7DD3A0000E890 /* Document.swift */,
				A35FF2B32EA7E10A0000E890 /* Protocol */,
			);
			path = Domain;
			sourceTree = "<group>";
		};
		A35FF2AF2EA7E0DF0000E890 /* Infrastructure */ = {
			isa = PBXGroup;
			children = (
				A35FF2E12EAA75620000E890 /* Utils */,
				A35FF2BD2EA7F5590000E890 /* Repositories */,
				A35FF2B82EA7E4FF0000E890 /* PDF */,
				A35FF2B02EA7E0E80000E890 /* Storage */,
			);
			path = Infrastructure;
			sourceTree = "<group>";
		};
		A35FF2B02EA7E0E80000E890 /* Storage */ = {
			isa = PBXGroup;
			children = (
				A35FF2B62EA7E32A0000E890 /* FileStore.swift */,
			);
			path = Storage;
			sourceTree = "<group>";
		};
		A35FF2B32EA7E10A0000E890 /* Protocol */ = {
			isa = PBXGroup;
			children = (
				A35FF2BB2EA7F39F0000E890 /* DocumentRepositoryProtocol.swift */,
				A35FF2B12EA7E0FA0000E890 /* FileStoreProtocol.swift */,
				A35FF2B42EA7E2000000E890 /* PDFServiceProtocol.swift */,
			);
			path = Protocol;
			sourceTree = "<group>";
		};
		A35FF2B82EA7E4FF0000E890 /* PDF */ = {
			isa = PBXGroup;
			children = (
				A35FF2B92EA7E5090000E890 /* PDFService.swift */,
			);
			path = PDF;
			sourceTree = "<group>";
		};
		A35FF2BD2EA7F5590000E890 /* Repositories */ = {
			isa = PBXGroup;
			children = (
				A35FF2BE2EA7F5600000E890 /* DocumentRepositoryImpl.swift */,
			);
			path = Repositories;
			sourceTree = "<group>";
		};
		A35FF2C02EA8EE950000E890 /* Composition */ = {
			isa = PBXGroup;
			children = (
				A35FF2C12EA8EEC00000E890 /* CompositionRoot.swift */,
			);
			path = Composition;
			sourceTree = "<group>";
		};
		A35FF2C32EA8F3B50000E890 /* EnviromentKey */ = {
			isa = PBXGroup;
			children = (
				A35FF2D22EA90FDE0000E890 /* PDFServiceKey.swift */,
				A35FF2C42EA8F3BF0000E890 /* DocumentRepositoryKey.swift */,
			);
			path = EnviromentKey;
			sourceTree = "<group>";
		};
		A35FF2DC2EA928F90000E890 /* Components */ = {
			isa = PBXGroup;
			children = (
				A35FF2DF2EAA29290000E890 /* BusyOverlay.swift */,
				A35FF2DD2EA929060000E890 /* ShareSheet.swift */,
			);
			path = Components;
			sourceTree = "<group>";
		};
		A35FF2E12EAA75620000E890 /* Utils */ = {
			isa = PBXGroup;
			children = (
				A35FF2E22EAA756B0000E890 /* FileImageLoader.swift */,
			);
			path = Utils;
			sourceTree = "<group>";
		};
		A39406892EA788FD00ED4787 = {
			isa = PBXGroup;
			children = (
				A39406AE2EA7894300ED4787 /* AezakmiTest */,
				A39406932EA788FD00ED4787 /* Products */,
			);
			sourceTree = "<group>";
		};
		A39406932EA788FD00ED4787 /* Products */ = {
			isa = PBXGroup;
			children = (
				A39406922EA788FD00ED4787 /* AezakmiTest.app */,
			);
			name = Products;
			sourceTree = "<group>";
		};
		A39406A72EA7894300ED4787 /* App */ = {
			isa = PBXGroup;
			children = (
				A39406AA2EA7894300ED4787 /* AezakmiTestApp.swift */,
				A35FF2C02EA8EE950000E890 /* Composition */,
				A35FF2C32EA8F3B50000E890 /* EnviromentKey */,
			);
			path = App;
			sourceTree = "<group>";
		};
		A39406A82EA7894300ED4787 /* Presentation */ = {
			isa = PBXGroup;
			children = (
				A39406BA2EA789CD00ED4787 /* Scenes */,
				A35FF2DC2EA928F90000E890 /* Components */,
			);
			path = Presentation;
			sourceTree = "<group>";
		};
		A39406AE2EA7894300ED4787 /* AezakmiTest */ = {
			isa = PBXGroup;
			children = (
				A39406A72EA7894300ED4787 /* App */,
				A35FF2AF2EA7E0DF0000E890 /* Infrastructure */,
				A35FF2AC2EA7DD2B0000E890 /* Domain */,
				A35FF2A42EA7D7650000E890 /* Core */,
				A39406A82EA7894300ED4787 /* Presentation */,
				A39406AB2EA7894300ED4787 /* Assets.xcassets */,
				A35FF2A12EA7D55F0000E890 /* DocumentsModel.xcdatamodeld */,
			);
			path = AezakmiTest;
			sourceTree = "<group>";
		};
		A39406B92EA789CD00ED4787 /* RootView */ = {
			isa = PBXGroup;
			children = (
				A39406B82EA789CD00ED4787 /* RootView.swift */,
			);
			path = RootView;
			sourceTree = "<group>";
		};
		A39406BA2EA789CD00ED4787 /* Scenes */ = {
			isa = PBXGroup;
			children = (
				A39406C72EA78F2000ED4787 /* Reader */,
				A39406C52EA78C3F00ED4787 /* Library */,
				A39406C62EA78C3F00ED4787 /* Editor */,
				A39406C32EA78C3F00ED4787 /* Welcome */,
				A39406B92EA789CD00ED4787 /* RootView */,
			);
			path = Scenes;
			sourceTree = "<group>";
		};
		A39406C32EA78C3F00ED4787 /* Welcome */ = {
			isa = PBXGroup;
			children = (
				A39406C22EA78C3F00ED4787 /* Welcome.swift */,
			);
			path = Welcome;
			sourceTree = "<group>";
		};
		A39406C52EA78C3F00ED4787 /* Library */ = {
			isa = PBXGroup;
			children = (
				A35FF2C82EA8F5C70000E890 /* LibraryViewModel.swift */,
				A35FF2C62EA8F5AB0000E890 /* LibraryView.swift */,
			);
			path = Library;
			sourceTree = "<group>";
		};
		A39406C62EA78C3F00ED4787 /* Editor */ = {
			isa = PBXGroup;
			children = (
				A35FF2D42EA91C920000E890 /* PhotoPicker.swift */,
				A35FF2D62EA91F5F0000E890 /* FilePicker.swift */,
				A35FF2CE2EA906DE0000E890 /* EditorViewModel.swift */,
				A35FF2CA2EA906AE0000E890 /* EditorView.swift */,
			);
			path = Editor;
			sourceTree = "<group>";
		};
		A39406C72EA78F2000ED4787 /* Reader */ = {
			isa = PBXGroup;
			children = (
				A35FF2D02EA90C400000E890 /* ReaderViewModel.swift */,
				A35FF2DA2EA926160000E890 /* PDFKitView.swift */,
				A35FF2CC2EA906CB0000E890 /* ReaderView.swift */,
				A35FF2D82EA9219F0000E890 /* ReaderContainer.swift */,
			);
			path = Reader;
			sourceTree = "<group>";
		};
/* End PBXGroup section */

/* Begin PBXNativeTarget section */
		A39406912EA788FD00ED4787 /* AezakmiTest */ = {
			isa = PBXNativeTarget;
			buildConfigurationList = A39406A22EA788FF00ED4787 /* Build configuration list for PBXNativeTarget "AezakmiTest" */;
			buildPhases = (
				A394068E2EA788FD00ED4787 /* Sources */,
				A394068F2EA788FD00ED4787 /* Frameworks */,
				A39406902EA788FD00ED4787 /* Resources */,
			);
			buildRules = (
			);
			dependencies = (
			);
			name = AezakmiTest;
			packageProductDependencies = (
			);
			productName = AezakmiTest;
			productReference = A39406922EA788FD00ED4787 /* AezakmiTest.app */;
			productType = "com.apple.product-type.application";
		};
/* End PBXNativeTarget section */

/* Begin PBXProject section */
		A394068A2EA788FD00ED4787 /* Project object */ = {
			isa = PBXProject;
			attributes = {
				BuildIndependentTargetsInParallel = 1;
				LastSwiftUpdateCheck = 2600;
				LastUpgradeCheck = 2600;
				TargetAttributes = {
					A39406912EA788FD00ED4787 = {
						CreatedOnToolsVersion = 26.0;
					};
				};
			};
			buildConfigurationList = A394068D2EA788FD00ED4787 /* Build configuration list for PBXProject "AezakmiTest" */;
			developmentRegion = en;
			hasScannedForEncodings = 0;
			knownRegions = (
				en,
				Base,
			);
			mainGroup = A39406892EA788FD00ED4787;
			minimizedProjectReferenceProxies = 1;
			preferredProjectObjectVersion = 77;
			productRefGroup = A39406932EA788FD00ED4787 /* Products */;
			projectDirPath = "";
			projectRoot = "";
			targets = (
				A39406912EA788FD00ED4787 /* AezakmiTest */,
			);
		};
/* End PBXProject section */

/* Begin PBXResourcesBuildPhase section */
		A39406902EA788FD00ED4787 /* Resources */ = {
			isa = PBXResourcesBuildPhase;
			buildActionMask = 2147483647;
			files = (
				A39406B02EA7894300ED4787 /* Assets.xcassets in Resources */,
			);
			runOnlyForDeploymentPostprocessing = 0;
		};
/* End PBXResourcesBuildPhase section */

/* Begin PBXSourcesBuildPhase section */
		A394068E2EA788FD00ED4787 /* Sources */ = {
			isa = PBXSourcesBuildPhase;
			buildActionMask = 2147483647;
			files = (
				A35FF2CF2EA906E40000E890 /* EditorViewModel.swift in Sources */,
				A35FF2B52EA7E2080000E890 /* PDFServiceProtocol.swift in Sources */,
				A35FF2D72EA91F630000E890 /* FilePicker.swift in Sources */,
				A35FF2E02EAA292F0000E890 /* BusyOverlay.swift in Sources */,
				A35FF2CD2EA906CB0000E890 /* ReaderView.swift in Sources */,
				A35FF2B72EA7E32A0000E890 /* FileStore.swift in Sources */,
				A35FF2BA2EA7E5090000E890 /* PDFService.swift in Sources */,
				A35FF2AE2EA7DD3A0000E890 /* Document.swift in Sources */,
				A35FF2CB2EA906AE0000E890 /* EditorView.swift in Sources */,
				A35FF2A62EA7D7790000E890 /* CoreDataStack.swift in Sources */,
				A39406BB2EA789CD00ED4787 /* RootView.swift in Sources */,
				A35FF2BF2EA7F56E0000E890 /* DocumentRepositoryImpl.swift in Sources */,
				A35FF2C22EA8EEC70000E890 /* CompositionRoot.swift in Sources */,
				A35FF2DB2EA9261A0000E890 /* PDFKitView.swift in Sources */,
				A35FF2C92EA8F5C70000E890 /* LibraryViewModel.swift in Sources */,
				A39406C42EA78C3F00ED4787 /* Welcome.swift in Sources */,
				A35FF2C72EA8F5B00000E890 /* LibraryView.swift in Sources */,
				A35FF2A92EA7DCC20000E890 /* DocumentEntity.swift in Sources */,
				A35FF2BC2EA7F3AF0000E890 /* DocumentRepositoryProtocol.swift in Sources */,
				A35FF2AB2EA7DCDD0000E890 /* DocumentEntity+CoreDataProperties.swift in Sources */,
				A35FF2D92EA921AA0000E890 /* ReaderContainer.swift in Sources */,
				A35FF2B22EA7E1050000E890 /* FileStoreProtocol.swift in Sources */,
				A35FF2E32EAA756B0000E890 /* FileImageLoader.swift in Sources */,
				A35FF2A32EA7D55F0000E890 /* DocumentsModel.xcdatamodeld in Sources */,
				A35FF2C52EA8F3D90000E890 /* DocumentRepositoryKey.swift in Sources */,
				A35FF2D52EA91C980000E890 /* PhotoPicker.swift in Sources */,
				A35FF2D32EA90FE60000E890 /* PDFServiceKey.swift in Sources */,
				A39406B22EA7894300ED4787 /* AezakmiTestApp.swift in Sources */,
				A35FF2D12EA90C4B0000E890 /* ReaderViewModel.swift in Sources */,
				A35FF2DE2EA9290C0000E890 /* ShareSheet.swift in Sources */,
			);
			runOnlyForDeploymentPostprocessing = 0;
		};
/* End PBXSourcesBuildPhase section */

/* Begin XCBuildConfiguration section */
		A39406A02EA788FF00ED4787 /* Debug */ = {
			isa = XCBuildConfiguration;
			buildSettings = {
				ALWAYS_SEARCH_USER_PATHS = NO;
				ASSETCATALOG_COMPILER_GENERATE_SWIFT_ASSET_SYMBOL_EXTENSIONS = YES;
				CLANG_ANALYZER_NONNULL = YES;
				CLANG_ANALYZER_NUMBER_OBJECT_CONVERSION = YES_AGGRESSIVE;
				CLANG_CXX_LANGUAGE_STANDARD = "gnu++20";
				CLANG_ENABLE_MODULES = YES;
				CLANG_ENABLE_OBJC_ARC = YES;
				CLANG_ENABLE_OBJC_WEAK = YES;
				CLANG_WARN_BLOCK_CAPTURE_AUTORELEASING = YES;
				CLANG_WARN_BOOL_CONVERSION = YES;
				CLANG_WARN_COMMA = YES;
				CLANG_WARN_CONSTANT_CONVERSION = YES;
				CLANG_WARN_DEPRECATED_OBJC_IMPLEMENTATIONS = YES;
				CLANG_WARN_DIRECT_OBJC_ISA_USAGE = YES_ERROR;
				CLANG_WARN_DOCUMENTATION_COMMENTS = YES;
				CLANG_WARN_EMPTY_BODY = YES;
				CLANG_WARN_ENUM_CONVERSION = YES;
				CLANG_WARN_INFINITE_RECURSION = YES;
				CLANG_WARN_INT_CONVERSION = YES;
				CLANG_WARN_NON_LITERAL_NULL_CONVERSION = YES;
				CLANG_WARN_OBJC_IMPLICIT_RETAIN_SELF = YES;
				CLANG_WARN_OBJC_LITERAL_CONVERSION = YES;
				CLANG_WARN_OBJC_ROOT_CLASS = YES_ERROR;
				CLANG_WARN_QUOTED_INCLUDE_IN_FRAMEWORK_HEADER = YES;
				CLANG_WARN_RANGE_LOOP_ANALYSIS = YES;
				CLANG_WARN_STRICT_PROTOTYPES = YES;
				CLANG_WARN_SUSPICIOUS_MOVE = YES;
				CLANG_WARN_UNGUARDED_AVAILABILITY = YES_AGGRESSIVE;
				CLANG_WARN_UNREACHABLE_CODE = YES;
				CLANG_WARN__DUPLICATE_METHOD_MATCH = YES;
				COPY_PHASE_STRIP = NO;
				DEBUG_INFORMATION_FORMAT = dwarf;
				DEVELOPMENT_TEAM = 2NVL5EUMWM;
				ENABLE_STRICT_OBJC_MSGSEND = YES;
				ENABLE_TESTABILITY = YES;
				ENABLE_USER_SCRIPT_SANDBOXING = YES;
				GCC_C_LANGUAGE_STANDARD = gnu17;
				GCC_DYNAMIC_NO_PIC = NO;
				GCC_NO_COMMON_BLOCKS = YES;
				GCC_OPTIMIZATION_LEVEL = 0;
				GCC_PREPROCESSOR_DEFINITIONS = (
					"DEBUG=1",
					"$(inherited)",
				);
				GCC_WARN_64_TO_32_BIT_CONVERSION = YES;
				GCC_WARN_ABOUT_RETURN_TYPE = YES_ERROR;
				GCC_WARN_UNDECLARED_SELECTOR = YES;
				GCC_WARN_UNINITIALIZED_AUTOS = YES_AGGRESSIVE;
				GCC_WARN_UNUSED_FUNCTION = YES;
				GCC_WARN_UNUSED_VARIABLE = YES;
				IPHONEOS_DEPLOYMENT_TARGET = 26.0;
				LOCALIZATION_PREFERS_STRING_CATALOGS = YES;
				MTL_ENABLE_DEBUG_INFO = INCLUDE_SOURCE;
				MTL_FAST_MATH = YES;
				ONLY_ACTIVE_ARCH = YES;
				SDKROOT = iphoneos;
				SWIFT_ACTIVE_COMPILATION_CONDITIONS = "DEBUG $(inherited)";
				SWIFT_OPTIMIZATION_LEVEL = "-Onone";
			};
			name = Debug;
		};
		A39406A12EA788FF00ED4787 /* Release */ = {
			isa = XCBuildConfiguration;
			buildSettings = {
				ALWAYS_SEARCH_USER_PATHS = NO;
				ASSETCATALOG_COMPILER_GENERATE_SWIFT_ASSET_SYMBOL_EXTENSIONS = YES;
				CLANG_ANALYZER_NONNULL = YES;
				CLANG_ANALYZER_NUMBER_OBJECT_CONVERSION = YES_AGGRESSIVE;
				CLANG_CXX_LANGUAGE_STANDARD = "gnu++20";
				CLANG_ENABLE_MODULES = YES;
				CLANG_ENABLE_OBJC_ARC = YES;
				CLANG_ENABLE_OBJC_WEAK = YES;
				CLANG_WARN_BLOCK_CAPTURE_AUTORELEASING = YES;
				CLANG_WARN_BOOL_CONVERSION = YES;
				CLANG_WARN_COMMA = YES;
				CLANG_WARN_CONSTANT_CONVERSION = YES;
				CLANG_WARN_DEPRECATED_OBJC_IMPLEMENTATIONS = YES;
				CLANG_WARN_DIRECT_OBJC_ISA_USAGE = YES_ERROR;
				CLANG_WARN_DOCUMENTATION_COMMENTS = YES;
				CLANG_WARN_EMPTY_BODY = YES;
				CLANG_WARN_ENUM_CONVERSION = YES;
				CLANG_WARN_INFINITE_RECURSION = YES;
				CLANG_WARN_INT_CONVERSION = YES;
				CLANG_WARN_NON_LITERAL_NULL_CONVERSION = YES;
				CLANG_WARN_OBJC_IMPLICIT_RETAIN_SELF = YES;
				CLANG_WARN_OBJC_LITERAL_CONVERSION = YES;
				CLANG_WARN_OBJC_ROOT_CLASS = YES_ERROR;
				CLANG_WARN_QUOTED_INCLUDE_IN_FRAMEWORK_HEADER = YES;
				CLANG_WARN_RANGE_LOOP_ANALYSIS = YES;
				CLANG_WARN_STRICT_PROTOTYPES = YES;
				CLANG_WARN_SUSPICIOUS_MOVE = YES;
				CLANG_WARN_UNGUARDED_AVAILABILITY = YES_AGGRESSIVE;
				CLANG_WARN_UNREACHABLE_CODE = YES;
				CLANG_WARN__DUPLICATE_METHOD_MATCH = YES;
				COPY_PHASE_STRIP = NO;
				DEBUG_INFORMATION_FORMAT = "dwarf-with-dsym";
				DEVELOPMENT_TEAM = 2NVL5EUMWM;
				ENABLE_NS_ASSERTIONS = NO;
				ENABLE_STRICT_OBJC_MSGSEND = YES;
				ENABLE_USER_SCRIPT_SANDBOXING = YES;
				GCC_C_LANGUAGE_STANDARD = gnu17;
				GCC_NO_COMMON_BLOCKS = YES;
				GCC_WARN_64_TO_32_BIT_CONVERSION = YES;
				GCC_WARN_ABOUT_RETURN_TYPE = YES_ERROR;
				GCC_WARN_UNDECLARED_SELECTOR = YES;
				GCC_WARN_UNINITIALIZED_AUTOS = YES_AGGRESSIVE;
				GCC_WARN_UNUSED_FUNCTION = YES;
				GCC_WARN_UNUSED_VARIABLE = YES;
				IPHONEOS_DEPLOYMENT_TARGET = 26.0;
				LOCALIZATION_PREFERS_STRING_CATALOGS = YES;
				MTL_ENABLE_DEBUG_INFO = NO;
				MTL_FAST_MATH = YES;
				SDKROOT = iphoneos;
				SWIFT_COMPILATION_MODE = wholemodule;
				VALIDATE_PRODUCT = YES;
			};
			name = Release;
		};
		A39406A32EA788FF00ED4787 /* Debug */ = {
			isa = XCBuildConfiguration;
			buildSettings = {
				ASSETCATALOG_COMPILER_APPICON_NAME = AppIcon;
				ASSETCATALOG_COMPILER_GLOBAL_ACCENT_COLOR_NAME = AccentColor;
				CODE_SIGN_STYLE = Automatic;
				CURRENT_PROJECT_VERSION = 1;
				DEVELOPMENT_TEAM = 2NVL5EUMWM;
				ENABLE_PREVIEWS = YES;
				GENERATE_INFOPLIST_FILE = YES;
				INFOPLIST_KEY_UIApplicationSceneManifest_Generation = YES;
				INFOPLIST_KEY_UIApplicationSupportsIndirectInputEvents = YES;
				INFOPLIST_KEY_UILaunchScreen_Generation = YES;
				INFOPLIST_KEY_UISupportedInterfaceOrientations_iPad = "UIInterfaceOrientationPortrait UIInterfaceOrientationPortraitUpsideDown UIInterfaceOrientationLandscapeLeft UIInterfaceOrientationLandscapeRight";
				INFOPLIST_KEY_UISupportedInterfaceOrientations_iPhone = "UIInterfaceOrientationPortrait UIInterfaceOrientationLandscapeLeft UIInterfaceOrientationLandscapeRight";
				IPHONEOS_DEPLOYMENT_TARGET = 15.0;
				LD_RUNPATH_SEARCH_PATHS = (
					"$(inherited)",
					"@executable_path/Frameworks",
				);
				MARKETING_VERSION = 1.0;
				PRODUCT_BUNDLE_IDENTIFIER = niiazkhasanov.AezakmiTest;
				PRODUCT_NAME = "$(TARGET_NAME)";
				STRING_CATALOG_GENERATE_SYMBOLS = YES;
				SWIFT_APPROACHABLE_CONCURRENCY = YES;
				SWIFT_DEFAULT_ACTOR_ISOLATION = MainActor;
				SWIFT_EMIT_LOC_STRINGS = YES;
				SWIFT_UPCOMING_FEATURE_MEMBER_IMPORT_VISIBILITY = YES;
				SWIFT_VERSION = 5.0;
				TARGETED_DEVICE_FAMILY = "1,2";
			};
			name = Debug;
		};
		A39406A42EA788FF00ED4787 /* Release */ = {
			isa = XCBuildConfiguration;
			buildSettings = {
				ASSETCATALOG_COMPILER_APPICON_NAME = AppIcon;
				ASSETCATALOG_COMPILER_GLOBAL_ACCENT_COLOR_NAME = AccentColor;
				CODE_SIGN_STYLE = Automatic;
				CURRENT_PROJECT_VERSION = 1;
				DEVELOPMENT_TEAM = 2NVL5EUMWM;
				ENABLE_PREVIEWS = YES;
				GENERATE_INFOPLIST_FILE = YES;
				INFOPLIST_KEY_UIApplicationSceneManifest_Generation = YES;
				INFOPLIST_KEY_UIApplicationSupportsIndirectInputEvents = YES;
				INFOPLIST_KEY_UILaunchScreen_Generation = YES;
				INFOPLIST_KEY_UISupportedInterfaceOrientations_iPad = "UIInterfaceOrientationPortrait UIInterfaceOrientationPortraitUpsideDown UIInterfaceOrientationLandscapeLeft UIInterfaceOrientationLandscapeRight";
				INFOPLIST_KEY_UISupportedInterfaceOrientations_iPhone = "UIInterfaceOrientationPortrait UIInterfaceOrientationLandscapeLeft UIInterfaceOrientationLandscapeRight";
				IPHONEOS_DEPLOYMENT_TARGET = 15.0;
				LD_RUNPATH_SEARCH_PATHS = (
					"$(inherited)",
					"@executable_path/Frameworks",
				);
				MARKETING_VERSION = 1.0;
				PRODUCT_BUNDLE_IDENTIFIER = niiazkhasanov.AezakmiTest;
				PRODUCT_NAME = "$(TARGET_NAME)";
				STRING_CATALOG_GENERATE_SYMBOLS = YES;
				SWIFT_APPROACHABLE_CONCURRENCY = YES;
				SWIFT_DEFAULT_ACTOR_ISOLATION = MainActor;
				SWIFT_EMIT_LOC_STRINGS = YES;
				SWIFT_UPCOMING_FEATURE_MEMBER_IMPORT_VISIBILITY = YES;
				SWIFT_VERSION = 5.0;
				TARGETED_DEVICE_FAMILY = "1,2";
			};
			name = Release;
		};
/* End XCBuildConfiguration section */

/* Begin XCConfigurationList section */
		A394068D2EA788FD00ED4787 /* Build configuration list for PBXProject "AezakmiTest" */ = {
			isa = XCConfigurationList;
			buildConfigurations = (
				A39406A02EA788FF00ED4787 /* Debug */,
				A39406A12EA788FF00ED4787 /* Release */,
			);
			defaultConfigurationIsVisible = 0;
			defaultConfigurationName = Release;
		};
		A39406A22EA788FF00ED4787 /* Build configuration list for PBXNativeTarget "AezakmiTest" */ = {
			isa = XCConfigurationList;
			buildConfigurations = (
				A39406A32EA788FF00ED4787 /* Debug */,
				A39406A42EA788FF00ED4787 /* Release */,
			);
			defaultConfigurationIsVisible = 0;
			defaultConfigurationName = Release;
		};
/* End XCConfigurationList section */

/* Begin XCVersionGroup section */
		A35FF2A12EA7D55F0000E890 /* DocumentsModel.xcdatamodeld */ = {
			isa = XCVersionGroup;
			children = (
				A35FF2A22EA7D55F0000E890 /* DocumentsModel.xcdatamodel */,
			);
			currentVersion = A35FF2A22EA7D55F0000E890 /* DocumentsModel.xcdatamodel */;
			path = DocumentsModel.xcdatamodeld;
			sourceTree = "<group>";
			versionGroupType = wrapper.xcdatamodel;
		};
/* End XCVersionGroup section */
	};
	rootObject = A394068A2EA788FD00ED4787 /* Project object */;
}
